<?xml version="1.0" encoding="utf-8"?>
<Project ToolsVersion="4.0" xmlns="http://schemas.microsoft.com/developer/msbuild/2003">
  <ItemGroup>
    <Filter Include="Исходные файлы">
      <UniqueIdentifier>{4FC737F1-C7A5-4376-A066-2A32D752A2FF}</UniqueIdentifier>
      <Extensions>cpp;c;cc;cxx;c++;cppm;ixx;def;odl;idl;hpj;bat;asm;asmx</Extensions>
    </Filter>
    <Filter Include="Файлы заголовков">
      <UniqueIdentifier>{93995380-89BD-4b04-88EB-625FBE52EBFB}</UniqueIdentifier>
      <Extensions>h;hh;hpp;hxx;h++;hm;inl;inc;ipp;xsd</Extensions>
    </Filter>
    <Filter Include="Файлы ресурсов">
      <UniqueIdentifier>{67DA6AB6-F800-4c08-8B7A-83BB121AAD01}</UniqueIdentifier>
      <Extensions>rc;ico;cur;bmp;dlg;rc2;rct;bin;rgs;gif;jpg;jpeg;jpe;resx;tiff;tif;png;wav;mfcribbon-ms</Extensions>
    </Filter>
  </ItemGroup>
  <ItemGroup>
    <ClCompile Include="Glava12.cpp">
      <Filter>Исходные файлы</Filter>
    </ClCompile>
    <ClCompile Include="Source12.c">
      <Filter>Исходные файлы</Filter>
    </ClCompile>
    <ClCompile Include="Exsample12.c">
      <Filter>Исходные файлы</Filter>
    </ClCompile>
    <ClCompile Include="partb-12.6.c">
      <Filter>Исходные файлы</Filter>
    </ClCompile>
    <ClCompile Include="srand12.c">
      <Filter>Исходные файлы</Filter>
    </ClCompile>
    <ClCompile Include="diceroll.c">
      <Filter>Исходные файлы</Filter>
    </ClCompile>
    <ClCompile Include="test7-2.c">
      <Filter>Исходные файлы</Filter>
    </ClCompile>
    <ClCompile Include="test7-1.c">
      <Filter>Исходные файлы</Filter>
    </ClCompile>
    <ClCompile Include="pe12-2a.c">
      <Filter>Исходные файлы</Filter>
    </ClCompile>
    <ClCompile Include="pe12-3a.c">
      <Filter>Исходные файлы</Filter>
    </ClCompile>
  </ItemGroup>
  <ItemGroup>
    <ClInclude Include="diceroll.h">
      <Filter>Файлы заголовков</Filter>
    </ClInclude>
    <ClInclude Include="G:\Учёба\С++\dynarray-main\dynarray.hpp">
      <Filter>Исходные файлы</Filter>
    </ClInclude>
    <ClInclude Include="pe12-2a.h">
      <Filter>Файлы заголовков</Filter>
    </ClInclude>
    <ClInclude Include="pe12-3a.h">
      <Filter>Файлы заголовков</Filter>
    </ClInclude>
  </ItemGroup>
</Project>